
Microsoft Visual Studio Solution File, Format Version 12.00
# Visual Studio Version 17
VisualStudioVersion = 17.4.33103.184
MinimumVisualStudioVersion = 10.0.40219.1
Project("{FAE04EC0-301F-11D3-BF4B-00C04F79EFBC}") = "Mamba", "Mamba\Mamba.csproj", "{EF6BB96E-08CD-4E58-BFEA-EFC5DB96E749}"
EndProject
Global
	GlobalSection(SolutionConfigurationPlatforms) = preSolution
		Debug|Any CPU = Debug|Any CPU
		Release|Any CPU = Release|Any CPU
	EndGlobalSection
	GlobalSection(ProjectConfigurationPlatforms) = postSolution
		{EF6BB96E-08CD-4E58-BFEA-EFC5DB96E749}.Debug|Any CPU.ActiveCfg = Debug|Any CPU
		{EF6BB96E-08CD-4E58-BFEA-EFC5DB96E749}.Debug|Any CPU.Build.0 = Debug|Any CPU
		{EF6BB96E-08CD-4E58-BFEA-EFC5DB96E749}.Release|Any CPU.ActiveCfg = Release|Any CPU
		{EF6BB96E-08CD-4E58-BFEA-EFC5DB96E749}.Release|Any CPU.Build.0 = Release|Any CPU
	EndGlobalSection
	GlobalSection(SolutionProperties) = preSolution
		HideSolutionNode = FALSE
	EndGlobalSection
	GlobalSection(ExtensibilityGlobals) = postSolution
		SolutionGuid = {DB7703FE-8ED5-4D3F-8EAE-52522C5A6599}
	EndGlobalSection
EndGlobal
